# This file was autogenerated by Stack.
# You should not edit this file by hand.
# For more information, please see the documentation at:
#   https://docs.haskellstack.org/en/stable/lock_files

packages:
- completed:
    hackage: llvm-hs-7.0.1@sha256:8a90dec95be46ce24edfc53f357abfb692e6d531f5108fbba795c0ab2d93be5b,8879
    pantry-tree:
      size: 13394
      sha256: 7edf2ec9d9cf2eb34ffa3cb5a9f65addf7cc547ed1d9eee9eb1515200a37990d
  original:
    hackage: llvm-hs-7.0.1@sha256:8a90dec95be46ce24edfc53f357abfb692e6d531f5108fbba795c0ab2d93be5b,8879
- completed:
    hackage: llvm-hs-pure-7.0.0@sha256:054c145a345bccdad6205420832eae36e3ed4730fad9767fb153d4487d240727,2931
    pantry-tree:
      size: 2600
      sha256: 11e9eb61035f203f0d037358bef49fc885d8a25045dc1080f7b6b1695c92325b
  original:
    hackage: llvm-hs-pure-7.0.0@sha256:054c145a345bccdad6205420832eae36e3ed4730fad9767fb153d4487d240727,2931
- completed:
    hackage: llvm-hs-pretty-0.6.1.0@sha256:54785b205bc9a267513b539eb8073f9f576e01da196720871bc894520e712e16,1670
    pantry-tree:
      size: 4741
      sha256: 09128cc6ff572c3c544de01ee2b683cdc356d606a5829f1c60966593ff2f59db
  original:
    hackage: llvm-hs-pretty-0.6.1.0@sha256:54785b205bc9a267513b539eb8073f9f576e01da196720871bc894520e712e16,1670
snapshots:
- completed:
    size: 523443
    url: https://raw.githubusercontent.com/commercialhaskell/stackage-snapshots/master/lts/14/0.yaml
    sha256: 283773e7120f5446d961eab35ea95c9af9c24187cc178537bd29273200a05171
  original: lts-14.0
